
Microsoft Visual Studio Solution File, Format Version 12.00
# Visual Studio 2012
Project("{FAE04EC0-301F-11D3-BF4B-00C04F79EFBC}") = "VlcXamarin", "VlcXamarin\VlcXamarin.csproj", "{889F8C13-1DBB-4EA7-A268-9C666CDDA31C}"
EndProject
Project("{FAE04EC0-301F-11D3-BF4B-00C04F79EFBC}") = "VlcXamarin.Sample", "VlcXamarin.Sample\VlcXamarin.Sample.csproj", "{AE9B38D9-85F3-4563-A443-9F10FBF6AA6C}"
EndProject
Global
	GlobalSection(SolutionConfigurationPlatforms) = preSolution
		Debug|Any CPU = Debug|Any CPU
		Release|Any CPU = Release|Any CPU
	EndGlobalSection
	GlobalSection(ProjectConfigurationPlatforms) = postSolution
		{889F8C13-1DBB-4EA7-A268-9C666CDDA31C}.Debug|Any CPU.ActiveCfg = Debug|Any CPU
		{889F8C13-1DBB-4EA7-A268-9C666CDDA31C}.Debug|Any CPU.Build.0 = Debug|Any CPU
		{889F8C13-1DBB-4EA7-A268-9C666CDDA31C}.Release|Any CPU.ActiveCfg = Release|Any CPU
		{889F8C13-1DBB-4EA7-A268-9C666CDDA31C}.Release|Any CPU.Build.0 = Release|Any CPU
		{AE9B38D9-85F3-4563-A443-9F10FBF6AA6C}.Debug|Any CPU.ActiveCfg = Debug|Any CPU
		{AE9B38D9-85F3-4563-A443-9F10FBF6AA6C}.Debug|Any CPU.Build.0 = Debug|Any CPU
		{AE9B38D9-85F3-4563-A443-9F10FBF6AA6C}.Release|Any CPU.ActiveCfg = Release|Any CPU
		{AE9B38D9-85F3-4563-A443-9F10FBF6AA6C}.Release|Any CPU.Build.0 = Release|Any CPU
	EndGlobalSection
EndGlobal
